dependencies:
- name: redis
  repository: https://charts.bitnami.com/bitnami
  version: 19.3.3
- name: kube-prometheus-stack
  repository: https://prometheus-community.github.io/helm-charts
  version: 58.7.2
- name: zipkin
  repository: https://zipkin.io/zipkin-helm
  version: 0.3.3
- name: keycloak
  repository: file://../../services/keycloak
  version: 0.1.0
- name: zookeeper
  repository: file://../../services/zookeeper
  version: 0.1.0
- name: kafka
  repository: file://../../services/kafka
  version: 0.1.0
- name: cdc-service
  repository: file://../../services/cdc-service
  version: 0.1.0
- name: order-service
  repository: file://../../services/order-service
  version: 0.1.0
- name: kitchen-service
  repository: file://../../services/kitchen-service
  version: 0.1.0
- name: catalog-service
  repository: file://../../services/catalog-service
  version: 0.1.0
- name: delivery-service
  repository: file://../../services/delivery-service
  version: 0.1.0
- name: payment-service
  repository: file://../../services/payment-service
  version: 0.1.0
- name: restaurant-service
  repository: file://../../services/restaurant-service
  version: 0.1.0
- name: api-gateway
  repository: file://../../services/api-gateway
  version: 0.1.0
- name: food-ordering-app
  repository: file://../../applications/food-ordering-app
  version: 0.1.0
- name: restaurant-app
  repository: file://../../applications/restaurant-app
  version: 0.1.0
- name: delivery-app
  repository: file://../../applications/delivery-app
  version: 0.1.0
digest: sha256:cf8e9c64a15a5e8f2413240fc83ffb2378380a33114aa9e301a64f2b40bada8d
generated: "2024-05-27T22:32:04.4315596+02:00"
