dependencies:
- name: redis
  repository: https://charts.bitnami.com/bitnami
  version: 19.3.3
- name: keycloak
  repository: file://../../services/keycloak
  version: 0.1.0
- name: zookeeper
  repository: file://../../services/zookeeper
  version: 0.1.0
- name: kafka
  repository: file://../../services/kafka
  version: 0.1.0
- name: cdc-service
  repository: file://../../services/cdc-service
  version: 0.1.0
- name: order-service
  repository: file://../../services/order-service
  version: 0.1.0
- name: kitchen-service
  repository: file://../../services/kitchen-service
  version: 0.1.0
- name: catalog-service
  repository: file://../../services/catalog-service
  version: 0.1.0
- name: delivery-service
  repository: file://../../services/delivery-service
  version: 0.1.0
- name: payment-service
  repository: file://../../services/payment-service
  version: 0.1.0
- name: restaurant-service
  repository: file://../../services/restaurant-service
  version: 0.1.0
- name: api-gateway
  repository: file://../../services/api-gateway
  version: 0.1.0
- name: food-ordering-app
  repository: file://../../applications/food-ordering-app
  version: 0.1.0
- name: restaurant-app
  repository: file://../../applications/restaurant-app
  version: 0.1.0
- name: delivery-app
  repository: file://../../applications/delivery-app
  version: 0.1.0
digest: sha256:ae4de91f628452d03bfbc0a2f50286b4d3886e783705f68dd4b6235fbe5bdffb
generated: "2024-05-18T19:36:08.0056927+02:00"
